
Microsoft Visual Studio Solution File, Format Version 12.00
# Visual Studio Version 16
VisualStudioVersion = 16.0.30907.101
MinimumVisualStudioVersion = 10.0.40219.1
Project("{8BC9CEB8-8B4A-11D0-8D11-00A0C91BC942}") = "CreateAProject", "CreateAProject\CreateAProject.vcxproj", "{74B21EBF-29DB-4124-94E3-EF4C7D877A05}"
EndProject
Project("{8BC9CEB8-8B4A-11D0-8D11-00A0C91BC942}") = "MoveingShapes", "MoveingShapes\MoveingShapes.vcxproj", "{3F725F91-E5E7-40CA-ACB7-1FCBDC354382}"
EndProject
Global
	GlobalSection(SolutionConfigurationPlatforms) = preSolution
		Debug|x64 = Debug|x64
		Debug|x86 = Debug|x86
		Release|x64 = Release|x64
		Release|x86 = Release|x86
	EndGlobalSection
	GlobalSection(ProjectConfigurationPlatforms) = postSolution
		{74B21EBF-29DB-4124-94E3-EF4C7D877A05}.Debug|x64.ActiveCfg = Debug|x64
		{74B21EBF-29DB-4124-94E3-EF4C7D877A05}.Debug|x64.Build.0 = Debug|x64
		{74B21EBF-29DB-4124-94E3-EF4C7D877A05}.Debug|x86.ActiveCfg = Debug|Win32
		{74B21EBF-29DB-4124-94E3-EF4C7D877A05}.Debug|x86.Build.0 = Debug|Win32
		{74B21EBF-29DB-4124-94E3-EF4C7D877A05}.Release|x64.ActiveCfg = Release|x64
		{74B21EBF-29DB-4124-94E3-EF4C7D877A05}.Release|x64.Build.0 = Release|x64
		{74B21EBF-29DB-4124-94E3-EF4C7D877A05}.Release|x86.ActiveCfg = Release|Win32
		{74B21EBF-29DB-4124-94E3-EF4C7D877A05}.Release|x86.Build.0 = Release|Win32
		{3F725F91-E5E7-40CA-ACB7-1FCBDC354382}.Debug|x64.ActiveCfg = Debug|x64
		{3F725F91-E5E7-40CA-ACB7-1FCBDC354382}.Debug|x64.Build.0 = Debug|x64
		{3F725F91-E5E7-40CA-ACB7-1FCBDC354382}.Debug|x86.ActiveCfg = Debug|Win32
		{3F725F91-E5E7-40CA-ACB7-1FCBDC354382}.Debug|x86.Build.0 = Debug|Win32
		{3F725F91-E5E7-40CA-ACB7-1FCBDC354382}.Release|x64.ActiveCfg = Release|x64
		{3F725F91-E5E7-40CA-ACB7-1FCBDC354382}.Release|x64.Build.0 = Release|x64
		{3F725F91-E5E7-40CA-ACB7-1FCBDC354382}.Release|x86.ActiveCfg = Release|Win32
		{3F725F91-E5E7-40CA-ACB7-1FCBDC354382}.Release|x86.Build.0 = Release|Win32
	EndGlobalSection
	GlobalSection(SolutionProperties) = preSolution
		HideSolutionNode = FALSE
	EndGlobalSection
	GlobalSection(ExtensibilityGlobals) = postSolution
		SolutionGuid = {1DA70C11-ADBE-44FD-A5D5-EAF23414BBA2}
	EndGlobalSection
EndGlobal
