<?xml version="1.0" encoding="utf-8"?>
<Project ToolsVersion="16.0" xmlns="http://schemas.microsoft.com/developer/msbuild/2003">
  <ItemGroup>
    <ClInclude Include="C:\Program Files (x86)\Crytek\CRYENGINE Launcher\Crytek\CRYENGINE_5.6\Code\CryEngine\CryCommon\CryCore\Platform\platform.h">
      <Filter>Header Files</Filter>
    </ClInclude>
  </ItemGroup>
  <ItemGroup>
    <CustomBuild Include="C:\Users\theod\Documents\GitHub\LearningCpp\CRYENGINE\Xcom\Code\CMakeLists.txt" />
  </ItemGroup>
  <ItemGroup>
    <Filter Include="Header Files">
      <UniqueIdentifier>{3703BA60-331C-3B1A-8C66-3FDF597267AB}</UniqueIdentifier>
    </Filter>
  </ItemGroup>
</Project>
