Microsoft Visual Studio Solution File, Format Version 12.00
# Visual Studio 16
Project("{2150E333-8FDC-42A3-9474-1A3956D46DE8}") = "CMakePredefinedTargets", "CMakePredefinedTargets", "{245F0C03-F991-30AB-AC44-2AB8D4C1584E}"
EndProject
Project("{2150E333-8FDC-42A3-9474-1A3956D46DE8}") = "Project", "Project", "{A27148AE-7D7A-3BB9-B3E0-A406284B424D}"
EndProject
Project("{8BC9CEB8-8B4A-11D0-8D11-00A0C91BC942}") = "GameLauncher", "GameLauncher.vcxproj", "{F481FC37-4E81-3B14-B856-7EFA6044F5AA}"
	ProjectSection(ProjectDependencies) = postProject
		{ACBB0D5E-D903-3126-B7ED-EECC6A89AC10} = {ACBB0D5E-D903-3126-B7ED-EECC6A89AC10}
	EndProjectSection
EndProject
Project("{8BC9CEB8-8B4A-11D0-8D11-00A0C91BC942}") = "ALL_BUILD", "ALL_BUILD.vcxproj", "{2D2DD436-5C5A-378E-8803-6B4293738588}"
	ProjectSection(ProjectDependencies) = postProject
		{EA945377-4901-344E-B5A9-72EE0B183E74} = {EA945377-4901-344E-B5A9-72EE0B183E74}
		{F481FC37-4E81-3B14-B856-7EFA6044F5AA} = {F481FC37-4E81-3B14-B856-7EFA6044F5AA}
		{D802FEF5-6816-30A4-88EC-9E0D712F1B13} = {D802FEF5-6816-30A4-88EC-9E0D712F1B13}
		{ACBB0D5E-D903-3126-B7ED-EECC6A89AC10} = {ACBB0D5E-D903-3126-B7ED-EECC6A89AC10}
		{E9DFC28B-7E6B-3B32-86E7-0A4D6EE1F782} = {E9DFC28B-7E6B-3B32-86E7-0A4D6EE1F782}
	EndProjectSection
EndProject
Project("{8BC9CEB8-8B4A-11D0-8D11-00A0C91BC942}") = "Editor", "Editor.vcxproj", "{EA945377-4901-344E-B5A9-72EE0B183E74}"
	ProjectSection(ProjectDependencies) = postProject
		{ACBB0D5E-D903-3126-B7ED-EECC6A89AC10} = {ACBB0D5E-D903-3126-B7ED-EECC6A89AC10}
	EndProjectSection
EndProject
Project("{8BC9CEB8-8B4A-11D0-8D11-00A0C91BC942}") = "GameServer", "GameServer.vcxproj", "{D802FEF5-6816-30A4-88EC-9E0D712F1B13}"
	ProjectSection(ProjectDependencies) = postProject
		{ACBB0D5E-D903-3126-B7ED-EECC6A89AC10} = {ACBB0D5E-D903-3126-B7ED-EECC6A89AC10}
	EndProjectSection
EndProject
Project("{8BC9CEB8-8B4A-11D0-8D11-00A0C91BC942}") = "INSTALL", "INSTALL.vcxproj", "{69C6B06D-50FD-33C3-A66C-F0CEC70AD166}"
	ProjectSection(ProjectDependencies) = postProject
		{2D2DD436-5C5A-378E-8803-6B4293738588} = {2D2DD436-5C5A-378E-8803-6B4293738588}
		{ACBB0D5E-D903-3126-B7ED-EECC6A89AC10} = {ACBB0D5E-D903-3126-B7ED-EECC6A89AC10}
	EndProjectSection
EndProject
Project("{8BC9CEB8-8B4A-11D0-8D11-00A0C91BC942}") = "ZERO_CHECK", "ZERO_CHECK.vcxproj", "{ACBB0D5E-D903-3126-B7ED-EECC6A89AC10}"
	ProjectSection(ProjectDependencies) = postProject
	EndProjectSection
EndProject
Project("{8BC9CEB8-8B4A-11D0-8D11-00A0C91BC942}") = "xcom", "xcom.vcxproj", "{E9DFC28B-7E6B-3B32-86E7-0A4D6EE1F782}"
	ProjectSection(ProjectDependencies) = postProject
		{ACBB0D5E-D903-3126-B7ED-EECC6A89AC10} = {ACBB0D5E-D903-3126-B7ED-EECC6A89AC10}
	EndProjectSection
EndProject
Global
	GlobalSection(SolutionConfigurationPlatforms) = preSolution
		Debug|x64 = Debug|x64
		Profile|x64 = Profile|x64
		Release|x64 = Release|x64
	EndGlobalSection
	GlobalSection(ProjectConfigurationPlatforms) = postSolution
		{F481FC37-4E81-3B14-B856-7EFA6044F5AA}.Debug|x64.ActiveCfg = Debug|x64
		{F481FC37-4E81-3B14-B856-7EFA6044F5AA}.Debug|x64.Build.0 = Debug|x64
		{F481FC37-4E81-3B14-B856-7EFA6044F5AA}.Profile|x64.ActiveCfg = Profile|x64
		{F481FC37-4E81-3B14-B856-7EFA6044F5AA}.Profile|x64.Build.0 = Profile|x64
		{F481FC37-4E81-3B14-B856-7EFA6044F5AA}.Release|x64.ActiveCfg = Release|x64
		{F481FC37-4E81-3B14-B856-7EFA6044F5AA}.Release|x64.Build.0 = Release|x64
		{2D2DD436-5C5A-378E-8803-6B4293738588}.Debug|x64.ActiveCfg = Debug|x64
		{2D2DD436-5C5A-378E-8803-6B4293738588}.Debug|x64.Build.0 = Debug|x64
		{2D2DD436-5C5A-378E-8803-6B4293738588}.Profile|x64.ActiveCfg = Profile|x64
		{2D2DD436-5C5A-378E-8803-6B4293738588}.Profile|x64.Build.0 = Profile|x64
		{2D2DD436-5C5A-378E-8803-6B4293738588}.Release|x64.ActiveCfg = Release|x64
		{2D2DD436-5C5A-378E-8803-6B4293738588}.Release|x64.Build.0 = Release|x64
		{EA945377-4901-344E-B5A9-72EE0B183E74}.Debug|x64.ActiveCfg = Debug|x64
		{EA945377-4901-344E-B5A9-72EE0B183E74}.Debug|x64.Build.0 = Debug|x64
		{EA945377-4901-344E-B5A9-72EE0B183E74}.Profile|x64.ActiveCfg = Profile|x64
		{EA945377-4901-344E-B5A9-72EE0B183E74}.Profile|x64.Build.0 = Profile|x64
		{EA945377-4901-344E-B5A9-72EE0B183E74}.Release|x64.ActiveCfg = Release|x64
		{EA945377-4901-344E-B5A9-72EE0B183E74}.Release|x64.Build.0 = Release|x64
		{D802FEF5-6816-30A4-88EC-9E0D712F1B13}.Debug|x64.ActiveCfg = Debug|x64
		{D802FEF5-6816-30A4-88EC-9E0D712F1B13}.Debug|x64.Build.0 = Debug|x64
		{D802FEF5-6816-30A4-88EC-9E0D712F1B13}.Profile|x64.ActiveCfg = Profile|x64
		{D802FEF5-6816-30A4-88EC-9E0D712F1B13}.Profile|x64.Build.0 = Profile|x64
		{D802FEF5-6816-30A4-88EC-9E0D712F1B13}.Release|x64.ActiveCfg = Release|x64
		{D802FEF5-6816-30A4-88EC-9E0D712F1B13}.Release|x64.Build.0 = Release|x64
		{69C6B06D-50FD-33C3-A66C-F0CEC70AD166}.Debug|x64.ActiveCfg = Debug|x64
		{69C6B06D-50FD-33C3-A66C-F0CEC70AD166}.Profile|x64.ActiveCfg = Profile|x64
		{69C6B06D-50FD-33C3-A66C-F0CEC70AD166}.Release|x64.ActiveCfg = Release|x64
		{ACBB0D5E-D903-3126-B7ED-EECC6A89AC10}.Debug|x64.ActiveCfg = Debug|x64
		{ACBB0D5E-D903-3126-B7ED-EECC6A89AC10}.Debug|x64.Build.0 = Debug|x64
		{ACBB0D5E-D903-3126-B7ED-EECC6A89AC10}.Profile|x64.ActiveCfg = Profile|x64
		{ACBB0D5E-D903-3126-B7ED-EECC6A89AC10}.Profile|x64.Build.0 = Profile|x64
		{ACBB0D5E-D903-3126-B7ED-EECC6A89AC10}.Release|x64.ActiveCfg = Release|x64
		{ACBB0D5E-D903-3126-B7ED-EECC6A89AC10}.Release|x64.Build.0 = Release|x64
		{E9DFC28B-7E6B-3B32-86E7-0A4D6EE1F782}.Debug|x64.ActiveCfg = Debug|x64
		{E9DFC28B-7E6B-3B32-86E7-0A4D6EE1F782}.Debug|x64.Build.0 = Debug|x64
		{E9DFC28B-7E6B-3B32-86E7-0A4D6EE1F782}.Profile|x64.ActiveCfg = Profile|x64
		{E9DFC28B-7E6B-3B32-86E7-0A4D6EE1F782}.Profile|x64.Build.0 = Profile|x64
		{E9DFC28B-7E6B-3B32-86E7-0A4D6EE1F782}.Release|x64.ActiveCfg = Release|x64
		{E9DFC28B-7E6B-3B32-86E7-0A4D6EE1F782}.Release|x64.Build.0 = Release|x64
	EndGlobalSection
	GlobalSection(NestedProjects) = preSolution
		{2D2DD436-5C5A-378E-8803-6B4293738588} = {245F0C03-F991-30AB-AC44-2AB8D4C1584E}
		{69C6B06D-50FD-33C3-A66C-F0CEC70AD166} = {245F0C03-F991-30AB-AC44-2AB8D4C1584E}
		{ACBB0D5E-D903-3126-B7ED-EECC6A89AC10} = {245F0C03-F991-30AB-AC44-2AB8D4C1584E}
		{E9DFC28B-7E6B-3B32-86E7-0A4D6EE1F782} = {A27148AE-7D7A-3BB9-B3E0-A406284B424D}
	EndGlobalSection
	GlobalSection(ExtensibilityGlobals) = postSolution
		SolutionGuid = {FC917B8C-E913-3CC3-9183-94C91DC7BD5D}
	EndGlobalSection
	GlobalSection(ExtensibilityAddIns) = postSolution
	EndGlobalSection
EndGlobal
