
Microsoft Visual Studio Solution File, Format Version 12.00
# Visual Studio Version 16
VisualStudioVersion = 16.0.30907.101
MinimumVisualStudioVersion = 10.0.40219.1
Project("{8BC9CEB8-8B4A-11D0-8D11-00A0C91BC942}") = "Snake", "Snake\Snake.vcxproj", "{374C6176-F667-4B1F-9D7D-1260F2351771}"
EndProject
Project("{8BC9CEB8-8B4A-11D0-8D11-00A0C91BC942}") = "Chess", "Chess\Chess.vcxproj", "{759D5049-416A-4A9D-A58A-5B5BA8C249CA}"
EndProject
Global
	GlobalSection(SolutionConfigurationPlatforms) = preSolution
		Debug|x64 = Debug|x64
		Debug|x86 = Debug|x86
		Release|x64 = Release|x64
		Release|x86 = Release|x86
	EndGlobalSection
	GlobalSection(ProjectConfigurationPlatforms) = postSolution
		{374C6176-F667-4B1F-9D7D-1260F2351771}.Debug|x64.ActiveCfg = Debug|x64
		{374C6176-F667-4B1F-9D7D-1260F2351771}.Debug|x64.Build.0 = Debug|x64
		{374C6176-F667-4B1F-9D7D-1260F2351771}.Debug|x86.ActiveCfg = Debug|Win32
		{374C6176-F667-4B1F-9D7D-1260F2351771}.Debug|x86.Build.0 = Debug|Win32
		{374C6176-F667-4B1F-9D7D-1260F2351771}.Release|x64.ActiveCfg = Release|x64
		{374C6176-F667-4B1F-9D7D-1260F2351771}.Release|x64.Build.0 = Release|x64
		{374C6176-F667-4B1F-9D7D-1260F2351771}.Release|x86.ActiveCfg = Release|Win32
		{374C6176-F667-4B1F-9D7D-1260F2351771}.Release|x86.Build.0 = Release|Win32
		{759D5049-416A-4A9D-A58A-5B5BA8C249CA}.Debug|x64.ActiveCfg = Debug|x64
		{759D5049-416A-4A9D-A58A-5B5BA8C249CA}.Debug|x64.Build.0 = Debug|x64
		{759D5049-416A-4A9D-A58A-5B5BA8C249CA}.Debug|x86.ActiveCfg = Debug|Win32
		{759D5049-416A-4A9D-A58A-5B5BA8C249CA}.Debug|x86.Build.0 = Debug|Win32
		{759D5049-416A-4A9D-A58A-5B5BA8C249CA}.Release|x64.ActiveCfg = Release|x64
		{759D5049-416A-4A9D-A58A-5B5BA8C249CA}.Release|x64.Build.0 = Release|x64
		{759D5049-416A-4A9D-A58A-5B5BA8C249CA}.Release|x86.ActiveCfg = Release|Win32
		{759D5049-416A-4A9D-A58A-5B5BA8C249CA}.Release|x86.Build.0 = Release|Win32
	EndGlobalSection
	GlobalSection(SolutionProperties) = preSolution
		HideSolutionNode = FALSE
	EndGlobalSection
	GlobalSection(ExtensibilityGlobals) = postSolution
		SolutionGuid = {40EE4F95-896E-4608-90CC-10EB5264BBD0}
	EndGlobalSection
EndGlobal
